
Microsoft Visual Studio Solution File, Format Version 12.00
# Visual Studio Version 17
VisualStudioVersion = 17.8.34525.116
MinimumVisualStudioVersion = 10.0.40219.1
Project("{FAE04EC0-301F-11D3-BF4B-00C04F79EFBC}") = "Project-02-02-2024", "Project-02-02-2024\Project-02-02-2024.csproj", "{43D70CC0-1721-45F9-972A-4D877BA9F19B}"
EndProject
Global
	GlobalSection(SolutionConfigurationPlatforms) = preSolution
		Debug|Any CPU = Debug|Any CPU
		Release|Any CPU = Release|Any CPU
	EndGlobalSection
	GlobalSection(ProjectConfigurationPlatforms) = postSolution
		{43D70CC0-1721-45F9-972A-4D877BA9F19B}.Debug|Any CPU.ActiveCfg = Debug|Any CPU
		{43D70CC0-1721-45F9-972A-4D877BA9F19B}.Debug|Any CPU.Build.0 = Debug|Any CPU
		{43D70CC0-1721-45F9-972A-4D877BA9F19B}.Release|Any CPU.ActiveCfg = Release|Any CPU
		{43D70CC0-1721-45F9-972A-4D877BA9F19B}.Release|Any CPU.Build.0 = Release|Any CPU
	EndGlobalSection
	GlobalSection(SolutionProperties) = preSolution
		HideSolutionNode = FALSE
	EndGlobalSection
	GlobalSection(ExtensibilityGlobals) = postSolution
		SolutionGuid = {F01E6570-9A08-4EDC-8E83-462FC0C3539D}
	EndGlobalSection
EndGlobal
